
Microsoft Visual Studio Solution File, Format Version 12.00
# Visual Studio Version 16
VisualStudioVersion = 16.0.32126.315
MinimumVisualStudioVersion = 10.0.40219.1
Project("{FAE04EC0-301F-11D3-BF4B-00C04F79EFBC}") = "ItraTask3", "ItraTask_3\ItraTask3.csproj", "{3DB9DE86-A558-47CE-8482-6B461C195CBD}"
EndProject
Global
	GlobalSection(SolutionConfigurationPlatforms) = preSolution
		Debug|Any CPU = Debug|Any CPU
		Release|Any CPU = Release|Any CPU
	EndGlobalSection
	GlobalSection(ProjectConfigurationPlatforms) = postSolution
		{3DB9DE86-A558-47CE-8482-6B461C195CBD}.Debug|Any CPU.ActiveCfg = Debug|Any CPU
		{3DB9DE86-A558-47CE-8482-6B461C195CBD}.Debug|Any CPU.Build.0 = Debug|Any CPU
		{3DB9DE86-A558-47CE-8482-6B461C195CBD}.Release|Any CPU.ActiveCfg = Release|Any CPU
		{3DB9DE86-A558-47CE-8482-6B461C195CBD}.Release|Any CPU.Build.0 = Release|Any CPU
	EndGlobalSection
	GlobalSection(SolutionProperties) = preSolution
		HideSolutionNode = FALSE
	EndGlobalSection
	GlobalSection(ExtensibilityGlobals) = postSolution
		SolutionGuid = {0CF0D048-1F3D-439D-86A1-9E4B4A6207C2}
	EndGlobalSection
EndGlobal
